
Microsoft Visual Studio Solution File, Format Version 12.00
# Visual Studio Version 17
VisualStudioVersion = 17.9.34616.47
MinimumVisualStudioVersion = 10.0.40219.1
Project("{FAE04EC0-301F-11D3-BF4B-00C04F79EFBC}") = "NSubstitute.Context", "NSubstitute.Context\NSubstitute.Context.csproj", "{2B0D0137-8D60-42CB-B8EF-E2F7B9CAE07A}"
EndProject
Project("{FAE04EC0-301F-11D3-BF4B-00C04F79EFBC}") = "NSubstitute.Context.Tests", "NSubstitute.Context.Tests\NSubstitute.Context.Tests.csproj", "{65A75679-967A-4711-BD08-996A3F12B96A}"
EndProject
Global
	GlobalSection(SolutionConfigurationPlatforms) = preSolution
		Debug|Any CPU = Debug|Any CPU
		Release|Any CPU = Release|Any CPU
	EndGlobalSection
	GlobalSection(ProjectConfigurationPlatforms) = postSolution
		{2B0D0137-8D60-42CB-B8EF-E2F7B9CAE07A}.Debug|Any CPU.ActiveCfg = Debug|Any CPU
		{2B0D0137-8D60-42CB-B8EF-E2F7B9CAE07A}.Debug|Any CPU.Build.0 = Debug|Any CPU
		{2B0D0137-8D60-42CB-B8EF-E2F7B9CAE07A}.Release|Any CPU.ActiveCfg = Release|Any CPU
		{2B0D0137-8D60-42CB-B8EF-E2F7B9CAE07A}.Release|Any CPU.Build.0 = Release|Any CPU
		{65A75679-967A-4711-BD08-996A3F12B96A}.Debug|Any CPU.ActiveCfg = Debug|Any CPU
		{65A75679-967A-4711-BD08-996A3F12B96A}.Debug|Any CPU.Build.0 = Debug|Any CPU
		{65A75679-967A-4711-BD08-996A3F12B96A}.Release|Any CPU.ActiveCfg = Release|Any CPU
		{65A75679-967A-4711-BD08-996A3F12B96A}.Release|Any CPU.Build.0 = Release|Any CPU
	EndGlobalSection
	GlobalSection(SolutionProperties) = preSolution
		HideSolutionNode = FALSE
	EndGlobalSection
	GlobalSection(ExtensibilityGlobals) = postSolution
		SolutionGuid = {511D1CDA-D8CC-402A-B99C-C358F9FA630C}
	EndGlobalSection
EndGlobal
